
Microsoft Visual Studio Solution File, Format Version 12.00
# Visual Studio Version 17
VisualStudioVersion = 17.5.33627.172
MinimumVisualStudioVersion = 10.0.40219.1
Project("{9A19103F-16F7-4668-BE54-9A1E7A4F7556}") = "CursoCsharpIntro", "ConsoleApp1\CursoCsharpIntro.csproj", "{84CB29A2-066F-4AF4-B3BF-68447F1FC363}"
EndProject
Global
	GlobalSection(SolutionConfigurationPlatforms) = preSolution
		Debug|Any CPU = Debug|Any CPU
		Release|Any CPU = Release|Any CPU
	EndGlobalSection
	GlobalSection(ProjectConfigurationPlatforms) = postSolution
		{84CB29A2-066F-4AF4-B3BF-68447F1FC363}.Debug|Any CPU.ActiveCfg = Debug|Any CPU
		{84CB29A2-066F-4AF4-B3BF-68447F1FC363}.Debug|Any CPU.Build.0 = Debug|Any CPU
		{84CB29A2-066F-4AF4-B3BF-68447F1FC363}.Release|Any CPU.ActiveCfg = Release|Any CPU
		{84CB29A2-066F-4AF4-B3BF-68447F1FC363}.Release|Any CPU.Build.0 = Release|Any CPU
	EndGlobalSection
	GlobalSection(SolutionProperties) = preSolution
		HideSolutionNode = FALSE
	EndGlobalSection
	GlobalSection(ExtensibilityGlobals) = postSolution
		SolutionGuid = {872E10C9-293B-48F4-8C22-0C10FD04F438}
	EndGlobalSection
EndGlobal
